// !$*UTF8*$!
{
	archiveVersion = 1;
	classes = {
	};
	objectVersion = 50;
	objects = {

/* Begin PBXBuildFile section */
		ECD8F6332374532000CA9478 /* AppDelegate.swift in Sources */ = {isa = PBXBuildFile; fileRef = ECD8F6322374532000CA9478 /* AppDelegate.swift */; };
		ECD8F6352374532000CA9478 /* ViewController.swift in Sources */ = {isa = PBXBuildFile; fileRef = ECD8F6342374532000CA9478 /* ViewController.swift */; };
		ECD8F6382374532000CA9478 /* Main.storyboard in Resources */ = {isa = PBXBuildFile; fileRef = ECD8F6362374532000CA9478 /* Main.storyboard */; };
		ECD8F63A2374532600CA9478 /* Assets.xcassets in Resources */ = {isa = PBXBuildFile; fileRef = ECD8F6392374532600CA9478 /* Assets.xcassets */; };
		ECD8F63D2374532600CA9478 /* LaunchScreen.storyboard in Resources */ = {isa = PBXBuildFile; fileRef = ECD8F63B2374532600CA9478 /* LaunchScreen.storyboard */; };
		ECD8F6452374536300CA9478 /* TestView.xib in Resources */ = {isa = PBXBuildFile; fileRef = ECD8F6442374536300CA9478 /* TestView.xib */; };
		ECD8F647237453C100CA9478 /* TestView.swift in Sources */ = {isa = PBXBuildFile; fileRef = ECD8F646237453C100CA9478 /* TestView.swift */; };
/* End PBXBuildFile section */

/* Begin PBXFileReference section */
		ECD8F62F2374532000CA9478 /* XIBFile.app */ = {isa = PBXFileReference; explicitFileType = wrapper.application; includeInIndex = 0; path = XIBFile.app; sourceTree = BUILT_PRODUCTS_DIR; };
		ECD8F6322374532000CA9478 /* AppDelegate.swift */ = {isa = PBXFileReference; lastKnownFileType = sourcecode.swift; path = AppDelegate.swift; sourceTree = "<group>"; };
		ECD8F6342374532000CA9478 /* ViewController.swift */ = {isa = PBXFileReference; lastKnownFileType = sourcecode.swift; path = ViewController.swift; sourceTree = "<group>"; };
		ECD8F6372374532000CA9478 /* Base */ = {isa = PBXFileReference; lastKnownFileType = file.storyboard; name = Base; path = Base.lproj/Main.storyboard; sourceTree = "<group>"; };
		ECD8F6392374532600CA9478 /* Assets.xcassets */ = {isa = PBXFileReference; lastKnownFileType = folder.assetcatalog; path = Assets.xcassets; sourceTree = "<group>"; };
		ECD8F63C2374532600CA9478 /* Base */ = {isa = PBXFileReference; lastKnownFileType = file.storyboard; name = Base; path = Base.lproj/LaunchScreen.storyboard; sourceTree = "<group>"; };
		ECD8F63E2374532600CA9478 /* Info.plist */ = {isa = PBXFileReference; lastKnownFileType = text.plist.xml; path = Info.plist; sourceTree = "<group>"; };
		ECD8F6442374536300CA9478 /* TestView.xib */ = {isa = PBXFileReference; lastKnownFileType = file.xib; path = TestView.xib; sourceTree = "<group>"; };
		ECD8F646237453C100CA9478 /* TestView.swift */ = {isa = PBXFileReference; lastKnownFileType = sourcecode.swift; path = TestView.swift; sourceTree = "<group>"; };
/* End PBXFileReference section */

/* Begin PBXFrameworksBuildPhase section */
		ECD8F62C2374532000CA9478 /* Frameworks */ = {
			isa = PBXFrameworksBuildPhase;
			buildActionMask = 2147483647;
			files = (
			);
			runOnlyForDeploymentPostprocessing = 0;
		};
/* End PBXFrameworksBuildPhase section */

/* Begin PBXGroup section */
		ECD8F6262374532000CA9478 = {
			isa = PBXGroup;
			children = (
				ECD8F6312374532000CA9478 /* XIBFile */,
				ECD8F6302374532000CA9478 /* Products */,
			);
			sourceTree = "<group>";
		};
		ECD8F6302374532000CA9478 /* Products */ = {
			isa = PBXGroup;
			children = (
				ECD8F62F2374532000CA9478 /* XIBFile.app */,
			);
			name = Products;
			sourceTree = "<group>";
		};
		ECD8F6312374532000CA9478 /* XIBFile */ = {
			isa = PBXGroup;
			children = (
				ECD8F6322374532000CA9478 /* AppDelegate.swift */,
				ECD8F6342374532000CA9478 /* ViewController.swift */,
				ECD8F646237453C100CA9478 /* TestView.swift */,
				ECD8F6442374536300CA9478 /* TestView.xib */,
				ECD8F6362374532000CA9478 /* Main.storyboard */,
				ECD8F6392374532600CA9478 /* Assets.xcassets */,
				ECD8F63B2374532600CA9478 /* LaunchScreen.storyboard */,
				ECD8F63E2374532600CA9478 /* Info.plist */,
			);
			path = XIBFile;
			sourceTree = "<group>";
		};
/* End PBXGroup section */

/* Begin PBXNativeTarget section */
		ECD8F62E2374532000CA9478 /* XIBFile */ = {
			isa = PBXNativeTarget;
			buildConfigurationList = ECD8F6412374532600CA9478 /* Build configuration list for PBXNativeTarget "XIBFile" */;
			buildPhases = (
				ECD8F62B2374532000CA9478 /* Sources */,
				ECD8F62C2374532000CA9478 /* Frameworks */,
				ECD8F62D2374532000CA9478 /* Resources */,
			);
			buildRules = (
			);
			dependencies = (
			);
			name = XIBFile;
			productName = XIBFile;
			productReference = ECD8F62F2374532000CA9478 /* XIBFile.app */;
			productType = "com.apple.product-type.application";
		};
/* End PBXNativeTarget section */

/* Begin PBXProject section */
		ECD8F6272374532000CA9478 /* Project object */ = {
			isa = PBXProject;
			attributes = {
				LastSwiftUpdateCheck = 1020;
				LastUpgradeCheck = 1020;
				ORGANIZATIONNAME = iHubTechnologiesPvtLtd;
				TargetAttributes = {
					ECD8F62E2374532000CA9478 = {
						CreatedOnToolsVersion = 10.2;
					};
				};
			};
			buildConfigurationList = ECD8F62A2374532000CA9478 /* Build configuration list for PBXProject "XIBFile" */;
			compatibilityVersion = "Xcode 9.3";
			developmentRegion = en;
			hasScannedForEncodings = 0;
			knownRegions = (
				en,
				Base,
			);
			mainGroup = ECD8F6262374532000CA9478;
			productRefGroup = ECD8F6302374532000CA9478 /* Products */;
			projectDirPath = "";
			projectRoot = "";
			targets = (
				ECD8F62E2374532000CA9478 /* XIBFile */,
			);
		};
/* End PBXProject section */

/* Begin PBXResourcesBuildPhase section */
		ECD8F62D2374532000CA9478 /* Resources */ = {
			isa = PBXResourcesBuildPhase;
			buildActionMask = 2147483647;
			files = (
				ECD8F6452374536300CA9478 /* TestView.xib in Resources */,
				ECD8F63D2374532600CA9478 /* LaunchScreen.storyboard in Resources */,
				ECD8F63A2374532600CA9478 /* Assets.xcassets in Resources */,
				ECD8F6382374532000CA9478 /* Main.storyboard in Resources */,
			);
			runOnlyForDeploymentPostprocessing = 0;
		};
/* End PBXResourcesBuildPhase section */

/* Begin PBXSourcesBuildPhase section */
		ECD8F62B2374532000CA9478 /* Sources */ = {
			isa = PBXSourcesBuildPhase;
			buildActionMask = 2147483647;
			files = (
				ECD8F647237453C100CA9478 /* TestView.swift in Sources */,
				ECD8F6352374532000CA9478 /* ViewController.swift in Sources */,
				ECD8F6332374532000CA9478 /* AppDelegate.swift in Sources */,
			);
			runOnlyForDeploymentPostprocessing = 0;
		};
/* End PBXSourcesBuildPhase section */

/* Begin PBXVariantGroup section */
		ECD8F6362374532000CA9478 /* Main.storyboard */ = {
			isa = PBXVariantGroup;
			children = (
				ECD8F6372374532000CA9478 /* Base */,
			);
			name = Main.storyboard;
			sourceTree = "<group>";
		};
		ECD8F63B2374532600CA9478 /* LaunchScreen.storyboard */ = {
			isa = PBXVariantGroup;
			children = (
				ECD8F63C2374532600CA9478 /* Base */,
			);
			name = LaunchScreen.storyboard;
			sourceTree = "<group>";
		};
/* End PBXVariantGroup section */

/* Begin XCBuildConfiguration section */
		ECD8F63F2374532600CA9478 /* Debug */ = {
			isa = XCBuildConfiguration;
			buildSettings = {
				ALWAYS_SEARCH_USER_PATHS = NO;
				CLANG_ANALYZER_NONNULL = YES;
				CLANG_ANALYZER_NUMBER_OBJECT_CONVERSION = YES_AGGRESSIVE;
				CLANG_CXX_LANGUAGE_STANDARD = "gnu++14";
				CLANG_CXX_LIBRARY = "libc++";
				CLANG_ENABLE_MODULES = YES;
				CLANG_ENABLE_OBJC_ARC = YES;
				CLANG_ENABLE_OBJC_WEAK = YES;
				CLANG_WARN_BLOCK_CAPTURE_AUTORELEASING = YES;
				CLANG_WARN_BOOL_CONVERSION = YES;
				CLANG_WARN_COMMA = YES;
				CLANG_WARN_CONSTANT_CONVERSION = YES;
				CLANG_WARN_DEPRECATED_OBJC_IMPLEMENTATIONS = YES;
				CLANG_WARN_DIRECT_OBJC_ISA_USAGE = YES_ERROR;
				CLANG_WARN_DOCUMENTATION_COMMENTS = YES;
				CLANG_WARN_EMPTY_BODY = YES;
				CLANG_WARN_ENUM_CONVERSION = YES;
				CLANG_WARN_INFINITE_RECURSION = YES;
				CLANG_WARN_INT_CONVERSION = YES;
				CLANG_WARN_NON_LITERAL_NULL_CONVERSION = YES;
				CLANG_WARN_OBJC_IMPLICIT_RETAIN_SELF = YES;
				CLANG_WARN_OBJC_LITERAL_CONVERSION = YES;
				CLANG_WARN_OBJC_ROOT_CLASS = YES_ERROR;
				CLANG_WARN_RANGE_LOOP_ANALYSIS = YES;
				CLANG_WARN_STRICT_PROTOTYPES = YES;
				CLANG_WARN_SUSPICIOUS_MOVE = YES;
				CLANG_WARN_UNGUARDED_AVAILABILITY = YES_AGGRESSIVE;
				CLANG_WARN_UNREACHABLE_CODE = YES;
				CLANG_WARN__DUPLICATE_METHOD_MATCH = YES;
				CODE_SIGN_IDENTITY = "iPhone Developer";
				COPY_PHASE_STRIP = NO;
				DEBUG_INFORMATION_FORMAT = dwarf;
				ENABLE_STRICT_OBJC_MSGSEND = YES;
				ENABLE_TESTABILITY = YES;
				GCC_C_LANGUAGE_STANDARD = gnu11;
				GCC_DYNAMIC_NO_PIC = NO;
				GCC_NO_COMMON_BLOCKS = YES;
				GCC_OPTIMIZATION_LEVEL = 0;
				GCC_PREPROCESSOR_DEFINITIONS = (
					"DEBUG=1",
					"$(inherited)",
				);
				GCC_WARN_64_TO_32_BIT_CONVERSION = YES;
				GCC_WARN_ABOUT_RETURN_TYPE = YES_ERROR;
				GCC_WARN_UNDECLARED_SELECTOR = YES;
				GCC_WARN_UNINITIALIZED_AUTOS = YES_AGGRESSIVE;
				GCC_WARN_UNUSED_FUNCTION = YES;
				GCC_WARN_UNUSED_VARIABLE = YES;
				IPHONEOS_DEPLOYMENT_TARGET = 12.2;
				MTL_ENABLE_DEBUG_INFO = INCLUDE_SOURCE;
				MTL_FAST_MATH = YES;
				ONLY_ACTIVE_ARCH = YES;
				SDKROOT = iphoneos;
				SWIFT_ACTIVE_COMPILATION_CONDITIONS = DEBUG;
				SWIFT_OPTIMIZATION_LEVEL = "-Onone";
			};
			name = Debug;
		};
		ECD8F6402374532600CA9478 /* Release */ = {
			isa = XCBuildConfiguration;
			buildSettings = {
				ALWAYS_SEARCH_USER_PATHS = NO;
				CLANG_ANALYZER_NONNULL = YES;
				CLANG_ANALYZER_NUMBER_OBJECT_CONVERSION = YES_AGGRESSIVE;
				CLANG_CXX_LANGUAGE_STANDARD = "gnu++14";
				CLANG_CXX_LIBRARY = "libc++";
				CLANG_ENABLE_MODULES = YES;
				CLANG_ENABLE_OBJC_ARC = YES;
				CLANG_ENABLE_OBJC_WEAK = YES;
				CLANG_WARN_BLOCK_CAPTURE_AUTORELEASING = YES;
				CLANG_WARN_BOOL_CONVERSION = YES;
				CLANG_WARN_COMMA = YES;
				CLANG_WARN_CONSTANT_CONVERSION = YES;
				CLANG_WARN_DEPRECATED_OBJC_IMPLEMENTATIONS = YES;
				CLANG_WARN_DIRECT_OBJC_ISA_USAGE = YES_ERROR;
				CLANG_WARN_DOCUMENTATION_COMMENTS = YES;
				CLANG_WARN_EMPTY_BODY = YES;
				CLANG_WARN_ENUM_CONVERSION = YES;
				CLANG_WARN_INFINITE_RECURSION = YES;
				CLANG_WARN_INT_CONVERSION = YES;
				CLANG_WARN_NON_LITERAL_NULL_CONVERSION = YES;
				CLANG_WARN_OBJC_IMPLICIT_RETAIN_SELF = YES;
				CLANG_WARN_OBJC_LITERAL_CONVERSION = YES;
				CLANG_WARN_OBJC_ROOT_CLASS = YES_ERROR;
				CLANG_WARN_RANGE_LOOP_ANALYSIS = YES;
				CLANG_WARN_STRICT_PROTOTYPES = YES;
				CLANG_WARN_SUSPICIOUS_MOVE = YES;
				CLANG_WARN_UNGUARDED_AVAILABILITY = YES_AGGRESSIVE;
				CLANG_WARN_UNREACHABLE_CODE = YES;
				CLANG_WARN__DUPLICATE_METHOD_MATCH = YES;
				CODE_SIGN_IDENTITY = "iPhone Developer";
				COPY_PHASE_STRIP = NO;
				DEBUG_INFORMATION_FORMAT = "dwarf-with-dsym";
				ENABLE_NS_ASSERTIONS = NO;
				ENABLE_STRICT_OBJC_MSGSEND = YES;
				GCC_C_LANGUAGE_STANDARD = gnu11;
				GCC_NO_COMMON_BLOCKS = YES;
				GCC_WARN_64_TO_32_BIT_CONVERSION = YES;
				GCC_WARN_ABOUT_RETURN_TYPE = YES_ERROR;
				GCC_WARN_UNDECLARED_SELECTOR = YES;
				GCC_WARN_UNINITIALIZED_AUTOS = YES_AGGRESSIVE;
				GCC_WARN_UNUSED_FUNCTION = YES;
				GCC_WARN_UNUSED_VARIABLE = YES;
				IPHONEOS_DEPLOYMENT_TARGET = 12.2;
				MTL_ENABLE_DEBUG_INFO = NO;
				MTL_FAST_MATH = YES;
				SDKROOT = iphoneos;
				SWIFT_COMPILATION_MODE = wholemodule;
				SWIFT_OPTIMIZATION_LEVEL = "-O";
				VALIDATE_PRODUCT = YES;
			};
			name = Release;
		};
		ECD8F6422374532600CA9478 /* Debug */ = {
			isa = XCBuildConfiguration;
			buildSettings = {
				ASSETCATALOG_COMPILER_APPICON_NAME = AppIcon;
				CODE_SIGN_STYLE = Automatic;
				DEVELOPMENT_TEAM = "";
				INFOPLIST_FILE = XIBFile/Info.plist;
				LD_RUNPATH_SEARCH_PATHS = (
					"$(inherited)",
					"@executable_path/Frameworks",
				);
				PRODUCT_BUNDLE_IDENTIFIER = iHubTechnologiesPvtLtd.XIBFile;
				PRODUCT_NAME = "$(TARGET_NAME)";
				SWIFT_VERSION = 5.0;
				TARGETED_DEVICE_FAMILY = "1,2";
			};
			name = Debug;
		};
		ECD8F6432374532600CA9478 /* Release */ = {
			isa = XCBuildConfiguration;
			buildSettings = {
				ASSETCATALOG_COMPILER_APPICON_NAME = AppIcon;
				CODE_SIGN_STYLE = Automatic;
				DEVELOPMENT_TEAM = "";
				INFOPLIST_FILE = XIBFile/Info.plist;
				LD_RUNPATH_SEARCH_PATHS = (
					"$(inherited)",
					"@executable_path/Frameworks",
				);
				PRODUCT_BUNDLE_IDENTIFIER = iHubTechnologiesPvtLtd.XIBFile;
				PRODUCT_NAME = "$(TARGET_NAME)";
				SWIFT_VERSION = 5.0;
				TARGETED_DEVICE_FAMILY = "1,2";
			};
			name = Release;
		};
/* End XCBuildConfiguration section */

/* Begin XCConfigurationList section */
		ECD8F62A2374532000CA9478 /* Build configuration list for PBXProject "XIBFile" */ = {
			isa = XCConfigurationList;
			buildConfigurations = (
				ECD8F63F2374532600CA9478 /* Debug */,
				ECD8F6402374532600CA9478 /* Release */,
			);
			defaultConfigurationIsVisible = 0;
			defaultConfigurationName = Release;
		};
		ECD8F6412374532600CA9478 /* Build configuration list for PBXNativeTarget "XIBFile" */ = {
			isa = XCConfigurationList;
			buildConfigurations = (
				ECD8F6422374532600CA9478 /* Debug */,
				ECD8F6432374532600CA9478 /* Release */,
			);
			defaultConfigurationIsVisible = 0;
			defaultConfigurationName = Release;
		};
/* End XCConfigurationList section */
	};
	rootObject = ECD8F6272374532000CA9478 /* Project object */;
}
